
Microsoft Visual Studio Solution File, Format Version 11.00
# Visual C# Express 2010
Project("{FAE04EC0-301F-11D3-BF4B-00C04F79EFBC}") = "Voc997Creator", "Voc997Creator\Voc997Creator.csproj", "{3CAB47CE-CAD8-4B33-B6C1-550AEB13601E}"
EndProject
Project("{FAE04EC0-301F-11D3-BF4B-00C04F79EFBC}") = "Pic2SciFont", "Pic2SciFont\Pic2SciFont.csproj", "{848EF1FD-64F8-47F4-A6A4-614EBF093DFA}"
EndProject
Project("{FAE04EC0-301F-11D3-BF4B-00C04F79EFBC}") = "Utf8Message", "Utf8Message\Utf8Message.csproj", "{6CAF8B81-1000-48A4-8EBC-BCC312438C2F}"
EndProject
Project("{FAE04EC0-301F-11D3-BF4B-00C04F79EFBC}") = "Voc999Creator", "Voc999Creator\Voc999Creator.csproj", "{CA83D3AD-2094-4126-B0A2-B60BF156893F}"
EndProject
Project("{FAE04EC0-301F-11D3-BF4B-00C04F79EFBC}") = "SeqMaker", "SeqMaker\SeqMaker.csproj", "{431E1E89-4730-4A77-95B6-CF764D3B2B79}"
EndProject
Global
	GlobalSection(SolutionConfigurationPlatforms) = preSolution
		Debug|x86 = Debug|x86
		Release|x86 = Release|x86
	EndGlobalSection
	GlobalSection(ProjectConfigurationPlatforms) = postSolution
		{3CAB47CE-CAD8-4B33-B6C1-550AEB13601E}.Debug|x86.ActiveCfg = Debug|x86
		{3CAB47CE-CAD8-4B33-B6C1-550AEB13601E}.Debug|x86.Build.0 = Debug|x86
		{3CAB47CE-CAD8-4B33-B6C1-550AEB13601E}.Release|x86.ActiveCfg = Release|x86
		{3CAB47CE-CAD8-4B33-B6C1-550AEB13601E}.Release|x86.Build.0 = Release|x86
		{848EF1FD-64F8-47F4-A6A4-614EBF093DFA}.Debug|x86.ActiveCfg = Debug|x86
		{848EF1FD-64F8-47F4-A6A4-614EBF093DFA}.Debug|x86.Build.0 = Debug|x86
		{848EF1FD-64F8-47F4-A6A4-614EBF093DFA}.Release|x86.ActiveCfg = Release|x86
		{848EF1FD-64F8-47F4-A6A4-614EBF093DFA}.Release|x86.Build.0 = Release|x86
		{6CAF8B81-1000-48A4-8EBC-BCC312438C2F}.Debug|x86.ActiveCfg = Debug|x86
		{6CAF8B81-1000-48A4-8EBC-BCC312438C2F}.Debug|x86.Build.0 = Debug|x86
		{6CAF8B81-1000-48A4-8EBC-BCC312438C2F}.Release|x86.ActiveCfg = Release|x86
		{6CAF8B81-1000-48A4-8EBC-BCC312438C2F}.Release|x86.Build.0 = Release|x86
		{CA83D3AD-2094-4126-B0A2-B60BF156893F}.Debug|x86.ActiveCfg = Debug|x86
		{CA83D3AD-2094-4126-B0A2-B60BF156893F}.Debug|x86.Build.0 = Debug|x86
		{CA83D3AD-2094-4126-B0A2-B60BF156893F}.Release|x86.ActiveCfg = Release|x86
		{CA83D3AD-2094-4126-B0A2-B60BF156893F}.Release|x86.Build.0 = Release|x86
		{431E1E89-4730-4A77-95B6-CF764D3B2B79}.Debug|x86.ActiveCfg = Debug|x86
		{431E1E89-4730-4A77-95B6-CF764D3B2B79}.Debug|x86.Build.0 = Debug|x86
		{431E1E89-4730-4A77-95B6-CF764D3B2B79}.Release|x86.ActiveCfg = Release|x86
		{431E1E89-4730-4A77-95B6-CF764D3B2B79}.Release|x86.Build.0 = Release|x86
	EndGlobalSection
	GlobalSection(SolutionProperties) = preSolution
		HideSolutionNode = FALSE
	EndGlobalSection
EndGlobal
